
Microsoft Visual Studio Solution File, Format Version 12.00
# Visual Studio Version 16
VisualStudioVersion = 16.0.30804.86
MinimumVisualStudioVersion = 10.0.40219.1
Project("{8BC9CEB8-8B4A-11D0-8D11-00A0C91BC942}") = "Bai01", "Bai1\Bai1.vcxproj", "{34B2437F-8360-49A5-AB29-FFD37762FF0C}"
EndProject
Project("{8BC9CEB8-8B4A-11D0-8D11-00A0C91BC942}") = "Bai02", "Bai02\Bai02.vcxproj", "{B155F717-EFCB-4EF8-8E43-CAF9E43F8E7E}"
EndProject
Project("{8BC9CEB8-8B4A-11D0-8D11-00A0C91BC942}") = "Bai03", "Bai03\Bai03.vcxproj", "{C16C1C9F-2D79-4A2E-8E04-AD10A7FDD849}"
EndProject
Project("{8BC9CEB8-8B4A-11D0-8D11-00A0C91BC942}") = "Bai04", "Bai04\Bai04.vcxproj", "{04F9AFDE-B85F-4E84-B349-437709524C5B}"
EndProject
Project("{8BC9CEB8-8B4A-11D0-8D11-00A0C91BC942}") = "Bai05", "Bai05\Bai05.vcxproj", "{5F52496B-08D4-49BD-92F4-6A86E75D24BA}"
EndProject
Project("{8BC9CEB8-8B4A-11D0-8D11-00A0C91BC942}") = "Bai06", "Bai06\Bai06.vcxproj", "{9A74B7EC-C53E-4F83-BD01-CE78393A809C}"
EndProject
Global
	GlobalSection(SolutionConfigurationPlatforms) = preSolution
		Debug|x64 = Debug|x64
		Debug|x86 = Debug|x86
		Release|x64 = Release|x64
		Release|x86 = Release|x86
	EndGlobalSection
	GlobalSection(ProjectConfigurationPlatforms) = postSolution
		{34B2437F-8360-49A5-AB29-FFD37762FF0C}.Debug|x64.ActiveCfg = Debug|x64
		{34B2437F-8360-49A5-AB29-FFD37762FF0C}.Debug|x64.Build.0 = Debug|x64
		{34B2437F-8360-49A5-AB29-FFD37762FF0C}.Debug|x86.ActiveCfg = Debug|Win32
		{34B2437F-8360-49A5-AB29-FFD37762FF0C}.Debug|x86.Build.0 = Debug|Win32
		{34B2437F-8360-49A5-AB29-FFD37762FF0C}.Release|x64.ActiveCfg = Release|x64
		{34B2437F-8360-49A5-AB29-FFD37762FF0C}.Release|x64.Build.0 = Release|x64
		{34B2437F-8360-49A5-AB29-FFD37762FF0C}.Release|x86.ActiveCfg = Release|Win32
		{34B2437F-8360-49A5-AB29-FFD37762FF0C}.Release|x86.Build.0 = Release|Win32
		{B155F717-EFCB-4EF8-8E43-CAF9E43F8E7E}.Debug|x64.ActiveCfg = Debug|x64
		{B155F717-EFCB-4EF8-8E43-CAF9E43F8E7E}.Debug|x64.Build.0 = Debug|x64
		{B155F717-EFCB-4EF8-8E43-CAF9E43F8E7E}.Debug|x86.ActiveCfg = Debug|Win32
		{B155F717-EFCB-4EF8-8E43-CAF9E43F8E7E}.Debug|x86.Build.0 = Debug|Win32
		{B155F717-EFCB-4EF8-8E43-CAF9E43F8E7E}.Release|x64.ActiveCfg = Release|x64
		{B155F717-EFCB-4EF8-8E43-CAF9E43F8E7E}.Release|x64.Build.0 = Release|x64
		{B155F717-EFCB-4EF8-8E43-CAF9E43F8E7E}.Release|x86.ActiveCfg = Release|Win32
		{B155F717-EFCB-4EF8-8E43-CAF9E43F8E7E}.Release|x86.Build.0 = Release|Win32
		{C16C1C9F-2D79-4A2E-8E04-AD10A7FDD849}.Debug|x64.ActiveCfg = Debug|x64
		{C16C1C9F-2D79-4A2E-8E04-AD10A7FDD849}.Debug|x64.Build.0 = Debug|x64
		{C16C1C9F-2D79-4A2E-8E04-AD10A7FDD849}.Debug|x86.ActiveCfg = Debug|Win32
		{C16C1C9F-2D79-4A2E-8E04-AD10A7FDD849}.Debug|x86.Build.0 = Debug|Win32
		{C16C1C9F-2D79-4A2E-8E04-AD10A7FDD849}.Release|x64.ActiveCfg = Release|x64
		{C16C1C9F-2D79-4A2E-8E04-AD10A7FDD849}.Release|x64.Build.0 = Release|x64
		{C16C1C9F-2D79-4A2E-8E04-AD10A7FDD849}.Release|x86.ActiveCfg = Release|Win32
		{C16C1C9F-2D79-4A2E-8E04-AD10A7FDD849}.Release|x86.Build.0 = Release|Win32
		{04F9AFDE-B85F-4E84-B349-437709524C5B}.Debug|x64.ActiveCfg = Debug|x64
		{04F9AFDE-B85F-4E84-B349-437709524C5B}.Debug|x64.Build.0 = Debug|x64
		{04F9AFDE-B85F-4E84-B349-437709524C5B}.Debug|x86.ActiveCfg = Debug|Win32
		{04F9AFDE-B85F-4E84-B349-437709524C5B}.Debug|x86.Build.0 = Debug|Win32
		{04F9AFDE-B85F-4E84-B349-437709524C5B}.Release|x64.ActiveCfg = Release|x64
		{04F9AFDE-B85F-4E84-B349-437709524C5B}.Release|x64.Build.0 = Release|x64
		{04F9AFDE-B85F-4E84-B349-437709524C5B}.Release|x86.ActiveCfg = Release|Win32
		{04F9AFDE-B85F-4E84-B349-437709524C5B}.Release|x86.Build.0 = Release|Win32
		{5F52496B-08D4-49BD-92F4-6A86E75D24BA}.Debug|x64.ActiveCfg = Debug|x64
		{5F52496B-08D4-49BD-92F4-6A86E75D24BA}.Debug|x64.Build.0 = Debug|x64
		{5F52496B-08D4-49BD-92F4-6A86E75D24BA}.Debug|x86.ActiveCfg = Debug|Win32
		{5F52496B-08D4-49BD-92F4-6A86E75D24BA}.Debug|x86.Build.0 = Debug|Win32
		{5F52496B-08D4-49BD-92F4-6A86E75D24BA}.Release|x64.ActiveCfg = Release|x64
		{5F52496B-08D4-49BD-92F4-6A86E75D24BA}.Release|x64.Build.0 = Release|x64
		{5F52496B-08D4-49BD-92F4-6A86E75D24BA}.Release|x86.ActiveCfg = Release|Win32
		{5F52496B-08D4-49BD-92F4-6A86E75D24BA}.Release|x86.Build.0 = Release|Win32
		{9A74B7EC-C53E-4F83-BD01-CE78393A809C}.Debug|x64.ActiveCfg = Debug|x64
		{9A74B7EC-C53E-4F83-BD01-CE78393A809C}.Debug|x64.Build.0 = Debug|x64
		{9A74B7EC-C53E-4F83-BD01-CE78393A809C}.Debug|x86.ActiveCfg = Debug|Win32
		{9A74B7EC-C53E-4F83-BD01-CE78393A809C}.Debug|x86.Build.0 = Debug|Win32
		{9A74B7EC-C53E-4F83-BD01-CE78393A809C}.Release|x64.ActiveCfg = Release|x64
		{9A74B7EC-C53E-4F83-BD01-CE78393A809C}.Release|x64.Build.0 = Release|x64
		{9A74B7EC-C53E-4F83-BD01-CE78393A809C}.Release|x86.ActiveCfg = Release|Win32
		{9A74B7EC-C53E-4F83-BD01-CE78393A809C}.Release|x86.Build.0 = Release|Win32
	EndGlobalSection
	GlobalSection(SolutionProperties) = preSolution
		HideSolutionNode = FALSE
	EndGlobalSection
	GlobalSection(ExtensibilityGlobals) = postSolution
		SolutionGuid = {F147F06A-EA4C-4688-9726-0F782363DC4E}
	EndGlobalSection
EndGlobal
